
Microsoft Visual Studio Solution File, Format Version 12.00
# Visual Studio Version 17
VisualStudioVersion = 17.5.002.0
MinimumVisualStudioVersion = 10.0.40219.1
Project("{9A19103F-16F7-4668-BE54-9A1E7A4F7556}") = "StudentRegistrationApp", "StudentRegistrationApp.csproj", "{D749B200-8FA2-4490-9297-60711C1D4963}"
EndProject
Global
	GlobalSection(SolutionConfigurationPlatforms) = preSolution
		Debug|Any CPU = Debug|Any CPU
		Release|Any CPU = Release|Any CPU
	EndGlobalSection
	GlobalSection(ProjectConfigurationPlatforms) = postSolution
		{D749B200-8FA2-4490-9297-60711C1D4963}.Debug|Any CPU.ActiveCfg = Debug|Any CPU
		{D749B200-8FA2-4490-9297-60711C1D4963}.Debug|Any CPU.Build.0 = Debug|Any CPU
		{D749B200-8FA2-4490-9297-60711C1D4963}.Release|Any CPU.ActiveCfg = Release|Any CPU
		{D749B200-8FA2-4490-9297-60711C1D4963}.Release|Any CPU.Build.0 = Release|Any CPU
	EndGlobalSection
	GlobalSection(SolutionProperties) = preSolution
		HideSolutionNode = FALSE
	EndGlobalSection
	GlobalSection(ExtensibilityGlobals) = postSolution
		SolutionGuid = {3000F44E-4424-4FF1-8B5D-3D879D5F3812}
	EndGlobalSection
EndGlobal
